{
  "name": "tmp-c19f35",
  "lockfileVersion": 3,
  "requires": true,
  "packages": {
    "": {
      "dependencies": {
        "@microsoft/m365agentsplayground": "^0.2.23"
      }
    },
    "node_modules/@microsoft/m365agentsplayground": {
      "version": "0.2.23",
      "resolved": "https://registry.npmjs.org/@microsoft/m365agentsplayground/-/m365agentsplayground-0.2.23.tgz",
      "integrity": "sha512-egrlYlImg3dxpn7VXkjGbMCPZmimZaOXYvnFspd+H9iH8Rsjzjrp14KnSbdShzqVTR5vpsVpF+XkZnwfDDqjSw==",
      "license": "SEE LICENSE IN LICENSE",
      "bin": {
        "agentsplayground": "cli.js",
        "teamsapptester": "cli.js"
      }
    }
  }
}
